
Microsoft Visual Studio Solution File, Format Version 12.00
# Visual Studio Version 16
VisualStudioVersion = 16.0.30413.136
MinimumVisualStudioVersion = 10.0.40219.1
Project("{FAE04EC0-301F-11D3-BF4B-00C04F79EFBC}") = "FootballLeague", "FootballLeague\FootballLeague.csproj", "{F5380BFE-2739-47EF-9CAA-A71B0A67CBDD}"
EndProject
Project("{FAE04EC0-301F-11D3-BF4B-00C04F79EFBC}") = "FootballLeague.Data", "FootballLeague.Data\FootballLeague.Data.csproj", "{E08EB56C-D8BF-49A4-A3ED-5E02191A17D6}"
EndProject
Project("{FAE04EC0-301F-11D3-BF4B-00C04F79EFBC}") = "FootballLeague.Services", "FootballLeague.Services\FootballLeague.Services.csproj", "{10570E9B-B3E3-4F76-B98E-8F620BD4F6CB}"
EndProject
Global
	GlobalSection(SolutionConfigurationPlatforms) = preSolution
		Debug|Any CPU = Debug|Any CPU
		Release|Any CPU = Release|Any CPU
	EndGlobalSection
	GlobalSection(ProjectConfigurationPlatforms) = postSolution
		{F5380BFE-2739-47EF-9CAA-A71B0A67CBDD}.Debug|Any CPU.ActiveCfg = Debug|Any CPU
		{F5380BFE-2739-47EF-9CAA-A71B0A67CBDD}.Debug|Any CPU.Build.0 = Debug|Any CPU
		{F5380BFE-2739-47EF-9CAA-A71B0A67CBDD}.Release|Any CPU.ActiveCfg = Release|Any CPU
		{F5380BFE-2739-47EF-9CAA-A71B0A67CBDD}.Release|Any CPU.Build.0 = Release|Any CPU
		{E08EB56C-D8BF-49A4-A3ED-5E02191A17D6}.Debug|Any CPU.ActiveCfg = Debug|Any CPU
		{E08EB56C-D8BF-49A4-A3ED-5E02191A17D6}.Debug|Any CPU.Build.0 = Debug|Any CPU
		{E08EB56C-D8BF-49A4-A3ED-5E02191A17D6}.Release|Any CPU.ActiveCfg = Release|Any CPU
		{E08EB56C-D8BF-49A4-A3ED-5E02191A17D6}.Release|Any CPU.Build.0 = Release|Any CPU
		{10570E9B-B3E3-4F76-B98E-8F620BD4F6CB}.Debug|Any CPU.ActiveCfg = Debug|Any CPU
		{10570E9B-B3E3-4F76-B98E-8F620BD4F6CB}.Debug|Any CPU.Build.0 = Debug|Any CPU
		{10570E9B-B3E3-4F76-B98E-8F620BD4F6CB}.Release|Any CPU.ActiveCfg = Release|Any CPU
		{10570E9B-B3E3-4F76-B98E-8F620BD4F6CB}.Release|Any CPU.Build.0 = Release|Any CPU
	EndGlobalSection
	GlobalSection(SolutionProperties) = preSolution
		HideSolutionNode = FALSE
	EndGlobalSection
	GlobalSection(ExtensibilityGlobals) = postSolution
		SolutionGuid = {4AC42454-0930-40D6-B763-11335AFD56A1}
	EndGlobalSection
EndGlobal
